
Microsoft Visual Studio Solution File, Format Version 12.00
# Visual Studio Version 16
VisualStudioVersion = 16.0.30330.147
MinimumVisualStudioVersion = 10.0.40219.1
Project("{FAE04EC0-301F-11D3-BF4B-00C04F79EFBC}") = "StudentManagerPro", "StudentManagerPro\StudentManagerPro.csproj", "{BC25E7E0-3CEB-46AC-89AC-9FB9CEDF5714}"
EndProject
Project("{FAE04EC0-301F-11D3-BF4B-00C04F79EFBC}") = "DAL", "DAL\DAL.csproj", "{38FD34C6-4D35-48A5-83AC-D1042AB93DC9}"
EndProject
Project("{F184B08F-C81C-45F6-A57F-5ABD9991F28F}") = "Models", "Models\Models.vbproj", "{2555617F-8698-407E-BE05-D5D20197DDC2}"
EndProject
Global
	GlobalSection(SolutionConfigurationPlatforms) = preSolution
		Debug|Any CPU = Debug|Any CPU
		Release|Any CPU = Release|Any CPU
	EndGlobalSection
	GlobalSection(ProjectConfigurationPlatforms) = postSolution
		{BC25E7E0-3CEB-46AC-89AC-9FB9CEDF5714}.Debug|Any CPU.ActiveCfg = Debug|Any CPU
		{BC25E7E0-3CEB-46AC-89AC-9FB9CEDF5714}.Debug|Any CPU.Build.0 = Debug|Any CPU
		{BC25E7E0-3CEB-46AC-89AC-9FB9CEDF5714}.Release|Any CPU.ActiveCfg = Release|Any CPU
		{BC25E7E0-3CEB-46AC-89AC-9FB9CEDF5714}.Release|Any CPU.Build.0 = Release|Any CPU
		{38FD34C6-4D35-48A5-83AC-D1042AB93DC9}.Debug|Any CPU.ActiveCfg = Debug|Any CPU
		{38FD34C6-4D35-48A5-83AC-D1042AB93DC9}.Debug|Any CPU.Build.0 = Debug|Any CPU
		{38FD34C6-4D35-48A5-83AC-D1042AB93DC9}.Release|Any CPU.ActiveCfg = Release|Any CPU
		{38FD34C6-4D35-48A5-83AC-D1042AB93DC9}.Release|Any CPU.Build.0 = Release|Any CPU
		{2555617F-8698-407E-BE05-D5D20197DDC2}.Debug|Any CPU.ActiveCfg = Debug|Any CPU
		{2555617F-8698-407E-BE05-D5D20197DDC2}.Debug|Any CPU.Build.0 = Debug|Any CPU
		{2555617F-8698-407E-BE05-D5D20197DDC2}.Release|Any CPU.ActiveCfg = Release|Any CPU
		{2555617F-8698-407E-BE05-D5D20197DDC2}.Release|Any CPU.Build.0 = Release|Any CPU
	EndGlobalSection
	GlobalSection(SolutionProperties) = preSolution
		HideSolutionNode = FALSE
	EndGlobalSection
	GlobalSection(ExtensibilityGlobals) = postSolution
		SolutionGuid = {144E342A-45A7-4F17-B336-36678A5DCF29}
	EndGlobalSection
EndGlobal
